PODS:
  - Flutter (1.0.0)
  - live_photos (0.0.1):
    - Flutter

DEPENDENCIES:
  - Flutter (from `Flutter`)
  - live_photos (from `.symlinks/plugins/live_photos/ios`)

EXTERNAL SOURCES:
  Flutter:
    :path: Flutter
  live_photos:
    :path: ".symlinks/plugins/live_photos/ios"

SPEC CHECKSUMS:
  Flutter: 0e3d915762c693b495b44d77113d4970485de6ec
  live_photos: f8ea75c614600f80ee4366931c4d25f774f10951

PODFILE CHECKSUM: c34e2287a9ccaa606aeceab922830efb9a6ff69a

COCOAPODS: 1.7.5
